
Microsoft Visual Studio Solution File, Format Version 12.00
# Visual Studio 15
VisualStudioVersion = 15.0.26124.0
MinimumVisualStudioVersion = 15.0.26124.0
Project("{FAE04EC0-301F-11D3-BF4B-00C04F79EFBC}") = "Domain", "Domain\Domain.csproj", "{9C6160E6-1A5D-4CB9-AFD5-F2DBF67A0FF9}"
EndProject
Project("{FAE04EC0-301F-11D3-BF4B-00C04F79EFBC}") = "DataLayer", "DataLayer\DataLayer.csproj", "{953D2666-26BD-45DA-BF43-9B0DF0B30D73}"
EndProject
Project("{FAE04EC0-301F-11D3-BF4B-00C04F79EFBC}") = "Application", "Application\Application.csproj", "{D18389D6-1103-44B7-A7CA-B1BAC1960373}"
EndProject
Project("{FAE04EC0-301F-11D3-BF4B-00C04F79EFBC}") = "WebClient", "WebClient\WebClient.csproj", "{11CD407F-E7AF-41CA-AA60-E472409C09FC}"
EndProject
Global
	GlobalSection(SolutionConfigurationPlatforms) = preSolution
		Debug|Any CPU = Debug|Any CPU
		Debug|x64 = Debug|x64
		Debug|x86 = Debug|x86
		Release|Any CPU = Release|Any CPU
		Release|x64 = Release|x64
		Release|x86 = Release|x86
	EndGlobalSection
	GlobalSection(SolutionProperties) = preSolution
		HideSolutionNode = FALSE
	EndGlobalSection
	GlobalSection(ProjectConfigurationPlatforms) = postSolution
		{9C6160E6-1A5D-4CB9-AFD5-F2DBF67A0FF9}.Debug|Any CPU.ActiveCfg = Debug|Any CPU
		{9C6160E6-1A5D-4CB9-AFD5-F2DBF67A0FF9}.Debug|Any CPU.Build.0 = Debug|Any CPU
		{9C6160E6-1A5D-4CB9-AFD5-F2DBF67A0FF9}.Debug|x64.ActiveCfg = Debug|Any CPU
		{9C6160E6-1A5D-4CB9-AFD5-F2DBF67A0FF9}.Debug|x64.Build.0 = Debug|Any CPU
		{9C6160E6-1A5D-4CB9-AFD5-F2DBF67A0FF9}.Debug|x86.ActiveCfg = Debug|Any CPU
		{9C6160E6-1A5D-4CB9-AFD5-F2DBF67A0FF9}.Debug|x86.Build.0 = Debug|Any CPU
		{9C6160E6-1A5D-4CB9-AFD5-F2DBF67A0FF9}.Release|Any CPU.ActiveCfg = Release|Any CPU
		{9C6160E6-1A5D-4CB9-AFD5-F2DBF67A0FF9}.Release|Any CPU.Build.0 = Release|Any CPU
		{9C6160E6-1A5D-4CB9-AFD5-F2DBF67A0FF9}.Release|x64.ActiveCfg = Release|Any CPU
		{9C6160E6-1A5D-4CB9-AFD5-F2DBF67A0FF9}.Release|x64.Build.0 = Release|Any CPU
		{9C6160E6-1A5D-4CB9-AFD5-F2DBF67A0FF9}.Release|x86.ActiveCfg = Release|Any CPU
		{9C6160E6-1A5D-4CB9-AFD5-F2DBF67A0FF9}.Release|x86.Build.0 = Release|Any CPU
		{953D2666-26BD-45DA-BF43-9B0DF0B30D73}.Debug|Any CPU.ActiveCfg = Debug|Any CPU
		{953D2666-26BD-45DA-BF43-9B0DF0B30D73}.Debug|Any CPU.Build.0 = Debug|Any CPU
		{953D2666-26BD-45DA-BF43-9B0DF0B30D73}.Debug|x64.ActiveCfg = Debug|Any CPU
		{953D2666-26BD-45DA-BF43-9B0DF0B30D73}.Debug|x64.Build.0 = Debug|Any CPU
		{953D2666-26BD-45DA-BF43-9B0DF0B30D73}.Debug|x86.ActiveCfg = Debug|Any CPU
		{953D2666-26BD-45DA-BF43-9B0DF0B30D73}.Debug|x86.Build.0 = Debug|Any CPU
		{953D2666-26BD-45DA-BF43-9B0DF0B30D73}.Release|Any CPU.ActiveCfg = Release|Any CPU
		{953D2666-26BD-45DA-BF43-9B0DF0B30D73}.Release|Any CPU.Build.0 = Release|Any CPU
		{953D2666-26BD-45DA-BF43-9B0DF0B30D73}.Release|x64.ActiveCfg = Release|Any CPU
		{953D2666-26BD-45DA-BF43-9B0DF0B30D73}.Release|x64.Build.0 = Release|Any CPU
		{953D2666-26BD-45DA-BF43-9B0DF0B30D73}.Release|x86.ActiveCfg = Release|Any CPU
		{953D2666-26BD-45DA-BF43-9B0DF0B30D73}.Release|x86.Build.0 = Release|Any CPU
		{D18389D6-1103-44B7-A7CA-B1BAC1960373}.Debug|Any CPU.ActiveCfg = Debug|Any CPU
		{D18389D6-1103-44B7-A7CA-B1BAC1960373}.Debug|Any CPU.Build.0 = Debug|Any CPU
		{D18389D6-1103-44B7-A7CA-B1BAC1960373}.Debug|x64.ActiveCfg = Debug|Any CPU
		{D18389D6-1103-44B7-A7CA-B1BAC1960373}.Debug|x64.Build.0 = Debug|Any CPU
		{D18389D6-1103-44B7-A7CA-B1BAC1960373}.Debug|x86.ActiveCfg = Debug|Any CPU
		{D18389D6-1103-44B7-A7CA-B1BAC1960373}.Debug|x86.Build.0 = Debug|Any CPU
		{D18389D6-1103-44B7-A7CA-B1BAC1960373}.Release|Any CPU.ActiveCfg = Release|Any CPU
		{D18389D6-1103-44B7-A7CA-B1BAC1960373}.Release|Any CPU.Build.0 = Release|Any CPU
		{D18389D6-1103-44B7-A7CA-B1BAC1960373}.Release|x64.ActiveCfg = Release|Any CPU
		{D18389D6-1103-44B7-A7CA-B1BAC1960373}.Release|x64.Build.0 = Release|Any CPU
		{D18389D6-1103-44B7-A7CA-B1BAC1960373}.Release|x86.ActiveCfg = Release|Any CPU
		{D18389D6-1103-44B7-A7CA-B1BAC1960373}.Release|x86.Build.0 = Release|Any CPU
		{11CD407F-E7AF-41CA-AA60-E472409C09FC}.Debug|Any CPU.ActiveCfg = Debug|Any CPU
		{11CD407F-E7AF-41CA-AA60-E472409C09FC}.Debug|Any CPU.Build.0 = Debug|Any CPU
		{11CD407F-E7AF-41CA-AA60-E472409C09FC}.Debug|x64.ActiveCfg = Debug|Any CPU
		{11CD407F-E7AF-41CA-AA60-E472409C09FC}.Debug|x64.Build.0 = Debug|Any CPU
		{11CD407F-E7AF-41CA-AA60-E472409C09FC}.Debug|x86.ActiveCfg = Debug|Any CPU
		{11CD407F-E7AF-41CA-AA60-E472409C09FC}.Debug|x86.Build.0 = Debug|Any CPU
		{11CD407F-E7AF-41CA-AA60-E472409C09FC}.Release|Any CPU.ActiveCfg = Release|Any CPU
		{11CD407F-E7AF-41CA-AA60-E472409C09FC}.Release|Any CPU.Build.0 = Release|Any CPU
		{11CD407F-E7AF-41CA-AA60-E472409C09FC}.Release|x64.ActiveCfg = Release|Any CPU
		{11CD407F-E7AF-41CA-AA60-E472409C09FC}.Release|x64.Build.0 = Release|Any CPU
		{11CD407F-E7AF-41CA-AA60-E472409C09FC}.Release|x86.ActiveCfg = Release|Any CPU
		{11CD407F-E7AF-41CA-AA60-E472409C09FC}.Release|x86.Build.0 = Release|Any CPU
	EndGlobalSection
EndGlobal
